
Microsoft Visual Studio Solution File, Format Version 12.00
Project("{FAE04EC0-301F-11D3-BF4B-00C04F79EFBC}") = "WebApp.Dockerize.MongoDbDriver.230", "WebApp.Dockerize.MongoDbDriver.230\WebApp.Dockerize.MongoDbDriver.230.csproj", "{14481AE2-E412-43CD-8DE2-B1AF5001C8A8}"
EndProject
Project("{FAE04EC0-301F-11D3-BF4B-00C04F79EFBC}") = "WebApp.Dockerize.MongoDbDriver.3xx", "WebApp.Dockerize.MongoDbDriver.3xx\WebApp.Dockerize.MongoDbDriver.3xx.csproj", "{336DFBB5-B279-4579-835F-CA7561A944E1}"
EndProject
Project("{2150E333-8FDC-42A3-9474-1A3956D46DE8}") = ".docker", ".docker", "{126EC283-12E2-48C1-A251-4B6FBAE88083}"
	ProjectSection(SolutionItems) = preProject
		docker-compose.yml = docker-compose.yml
	EndProjectSection
EndProject
Global
	GlobalSection(SolutionConfigurationPlatforms) = preSolution
		Debug|Any CPU = Debug|Any CPU
		Release|Any CPU = Release|Any CPU
	EndGlobalSection
	GlobalSection(ProjectConfigurationPlatforms) = postSolution
		{14481AE2-E412-43CD-8DE2-B1AF5001C8A8}.Debug|Any CPU.ActiveCfg = Debug|Any CPU
		{14481AE2-E412-43CD-8DE2-B1AF5001C8A8}.Debug|Any CPU.Build.0 = Debug|Any CPU
		{14481AE2-E412-43CD-8DE2-B1AF5001C8A8}.Release|Any CPU.ActiveCfg = Release|Any CPU
		{14481AE2-E412-43CD-8DE2-B1AF5001C8A8}.Release|Any CPU.Build.0 = Release|Any CPU
		{336DFBB5-B279-4579-835F-CA7561A944E1}.Debug|Any CPU.ActiveCfg = Debug|Any CPU
		{336DFBB5-B279-4579-835F-CA7561A944E1}.Debug|Any CPU.Build.0 = Debug|Any CPU
		{336DFBB5-B279-4579-835F-CA7561A944E1}.Release|Any CPU.ActiveCfg = Release|Any CPU
		{336DFBB5-B279-4579-835F-CA7561A944E1}.Release|Any CPU.Build.0 = Release|Any CPU
	EndGlobalSection
EndGlobal
